
Microsoft Visual Studio Solution File, Format Version 12.00
# Visual Studio Version 16
VisualStudioVersion = 16.0.29709.97
MinimumVisualStudioVersion = 10.0.40219.1
Project("{2150E333-8FDC-42A3-9474-1A3956D46DE8}") = "WebApps", "WebApps", "{EEDC09EE-E501-4644-9BD6-4FB6927A4E38}"
EndProject
Project("{9A19103F-16F7-4668-BE54-9A1E7A4F7556}") = "Mubbi.Marketplace.API", "src\Mubbi.Marketplace.API\Mubbi.Marketplace.API.csproj", "{05A35C0C-A5B6-4692-AFCA-B607834FEEF8}"
EndProject
Project("{2150E333-8FDC-42A3-9474-1A3956D46DE8}") = "src", "src", "{095C17CE-6F36-4CBB-8036-D361C4206076}"
EndProject
Project("{2150E333-8FDC-42A3-9474-1A3956D46DE8}") = "Rent", "Rent", "{D1B84E38-3359-4772-86D1-174BB6F7B6A0}"
EndProject
Project("{2150E333-8FDC-42A3-9474-1A3956D46DE8}") = "Services", "Services", "{6A7680F2-87DF-473E-AB5B-FF3DD7081723}"
EndProject
Project("{2150E333-8FDC-42A3-9474-1A3956D46DE8}") = "Catalog", "Catalog", "{9A6BF904-B7E5-4FFB-8E58-FE66A73681C9}"
EndProject
Project("{2150E333-8FDC-42A3-9474-1A3956D46DE8}") = "Payment", "Payment", "{9ED231E2-1754-4488-83A8-4A4C88CAAE8D}"
EndProject
Project("{2150E333-8FDC-42A3-9474-1A3956D46DE8}") = "Invoice", "Invoice", "{784A2735-07A4-4AC9-95FC-CAF998E3DA12}"
EndProject
Project("{2150E333-8FDC-42A3-9474-1A3956D46DE8}") = "Register", "Register", "{15B276AB-A4C8-4FFE-B0FB-095FFC8CED92}"
EndProject
Project("{2150E333-8FDC-42A3-9474-1A3956D46DE8}") = "Tests", "Tests", "{9541875E-66D8-4878-9FC1-A4024413DF43}"
EndProject
Project("{9A19103F-16F7-4668-BE54-9A1E7A4F7556}") = "Mubbi.Marketplace.Catalog.Domain", "src\Mubbi.Marketplace.Catalog.Domain\Mubbi.Marketplace.Catalog.Domain.csproj", "{D8A3C2DB-44CB-4C58-9EB8-6F46B7E74E8B}"
EndProject
Project("{9A19103F-16F7-4668-BE54-9A1E7A4F7556}") = "Mubbi.Marketplace.Catalog.Domain.Tests", "tests\Mubbi.Marketplace.Catalog.Domain.Tests\Mubbi.Marketplace.Catalog.Domain.Tests.csproj", "{4B7BAABD-24EE-4CB5-B1A6-2983D2A27B0B}"
EndProject
Project("{2150E333-8FDC-42A3-9474-1A3956D46DE8}") = "Tests", "Tests", "{A8EE8DE1-8777-4A6D-976F-D835DBC92DA9}"
EndProject
Project("{9A19103F-16F7-4668-BE54-9A1E7A4F7556}") = "Mubbi.Marketplace.Register.Domain", "src\Mubbi.Marketplace.Register.Domain\Mubbi.Marketplace.Register.Domain.csproj", "{8DD02A95-2F56-44CD-B5AC-2967E57A510E}"
EndProject
Project("{9A19103F-16F7-4668-BE54-9A1E7A4F7556}") = "Mubbi.Marketplace.Register.Domain.Tests", "tests\Mubbi.Marketplace.Register.Domain.Tests\Mubbi.Marketplace.Register.Domain.Tests.csproj", "{B4480873-B718-4AD5-8313-0DDDD026E13B}"
EndProject
Project("{9A19103F-16F7-4668-BE54-9A1E7A4F7556}") = "Mubbi.Marketplace.Catalog.Application", "src\Mubbi.Marketplace.Catalog.Application\Mubbi.Marketplace.Catalog.Application.csproj", "{42C067A4-EE82-484E-BF53-AFD05A2F74FA}"
EndProject
Project("{9A19103F-16F7-4668-BE54-9A1E7A4F7556}") = "Mubbi.Marketplace.Catalog.Application.Tests", "tests\Mubbi.Marketplace.Catalog.Application.Tests\Mubbi.Marketplace.Catalog.Application.Tests.csproj", "{339745BE-C625-4EB8-A72B-3A776BEF622B}"
EndProject
Project("{9A19103F-16F7-4668-BE54-9A1E7A4F7556}") = "Mubbi.Marketplace.Rent.Domain", "src\Mubbi.Marketplace.Rent.Domain\Mubbi.Marketplace.Rent.Domain.csproj", "{20CD8EB5-8DDE-4938-B0DC-C4A577CD4D25}"
EndProject
Project("{2150E333-8FDC-42A3-9474-1A3956D46DE8}") = "Tests", "Tests", "{5536BAD7-59AC-4934-BCFF-C41A6F57914E}"
EndProject
Project("{9A19103F-16F7-4668-BE54-9A1E7A4F7556}") = "Mubbi.Marketplace.Rent.Domain.Tests", "tests\Mubbi.Marketplace.Rent.Domain.Tests\Mubbi.Marketplace.Rent.Domain.Tests.csproj", "{5CE0698C-BA70-4340-8F56-18BFEAAEB4EC}"
EndProject
Project("{9A19103F-16F7-4668-BE54-9A1E7A4F7556}") = "Mubbi.Marketplace.Register.Application", "src\Mubbi.Marketplace.Register.Application\Mubbi.Marketplace.Register.Application.csproj", "{A9B68217-C30D-4BD6-A25C-3CCD0E97075F}"
EndProject
Project("{2150E333-8FDC-42A3-9474-1A3956D46DE8}") = "Solution Items", "Solution Items", "{D972DF72-39E6-442E-91DF-95030097E134}"
	ProjectSection(SolutionItems) = preProject
		.gitignore = .gitignore
	EndProjectSection
EndProject
Project("{2150E333-8FDC-42A3-9474-1A3956D46DE8}") = "Migrations", "Migrations", "{B70520C1-48AF-44B0-B8D7-9A1190B66ED3}"
EndProject
Project("{FAE04EC0-301F-11D3-BF4B-00C04F79EFBC}") = "Mubbi.Marketplace.Security", "src\Mubbi.Marketplace.Shared.Security\Mubbi.Marketplace.Security.csproj", "{976E9106-D06A-4F62-9E3D-9EB6DA1D2AA5}"
EndProject
Project("{2150E333-8FDC-42A3-9474-1A3956D46DE8}") = "BuildingBlocks", "BuildingBlocks", "{76966833-6C35-49CA-B107-896E3426BA89}"
EndProject
Project("{FAE04EC0-301F-11D3-BF4B-00C04F79EFBC}") = "Mubbi.Marketplace.Infrastructure.Data", "src\Mubbi.Marketplace.Infrastructure.Data\Mubbi.Marketplace.Infrastructure.Data.csproj", "{02056C0A-B113-40A3-8A98-21C304CDBBDF}"
EndProject
Project("{FAE04EC0-301F-11D3-BF4B-00C04F79EFBC}") = "Mubbi.Marketplace.Infrastructure.Bus", "src\Mubbi.Marketplace.Infrastructure.Bus\Mubbi.Marketplace.Infrastructure.Bus.csproj", "{F82DAE17-7B77-4066-B3FF-0AC6D58DC28C}"
EndProject
Project("{FAE04EC0-301F-11D3-BF4B-00C04F79EFBC}") = "Mubbi.Marketplace.Domain", "src\Mubbi.Marketplace.Domain\Mubbi.Marketplace.Domain.csproj", "{53175E3F-BFFE-4FDB-99E6-61CD94F8EA76}"
EndProject
Project("{FAE04EC0-301F-11D3-BF4B-00C04F79EFBC}") = "Mubbi.Marketplace.Infrastructure", "src\Mubbi.Marketplace.Infrastructure\Mubbi.Marketplace.Infrastructure.csproj", "{B562816D-1BCC-4FBB-B17F-CEACE62FC901}"
EndProject
Project("{9A19103F-16F7-4668-BE54-9A1E7A4F7556}") = "Mubbi.Marketplace.Data", "src\Mubbi.Marketplace.DbMigrations\Mubbi.Marketplace.Data.csproj", "{305337A2-8126-4652-9E7B-A1F24FBEC376}"
EndProject
Global
	GlobalSection(SolutionConfigurationPlatforms) = preSolution
		Debug|Any CPU = Debug|Any CPU
		Release|Any CPU = Release|Any CPU
	EndGlobalSection
	GlobalSection(ProjectConfigurationPlatforms) = postSolution
		{05A35C0C-A5B6-4692-AFCA-B607834FEEF8}.Debug|Any CPU.ActiveCfg = Debug|Any CPU
		{05A35C0C-A5B6-4692-AFCA-B607834FEEF8}.Debug|Any CPU.Build.0 = Debug|Any CPU
		{05A35C0C-A5B6-4692-AFCA-B607834FEEF8}.Release|Any CPU.ActiveCfg = Release|Any CPU
		{05A35C0C-A5B6-4692-AFCA-B607834FEEF8}.Release|Any CPU.Build.0 = Release|Any CPU
		{D8A3C2DB-44CB-4C58-9EB8-6F46B7E74E8B}.Debug|Any CPU.ActiveCfg = Debug|Any CPU
		{D8A3C2DB-44CB-4C58-9EB8-6F46B7E74E8B}.Debug|Any CPU.Build.0 = Debug|Any CPU
		{D8A3C2DB-44CB-4C58-9EB8-6F46B7E74E8B}.Release|Any CPU.ActiveCfg = Release|Any CPU
		{D8A3C2DB-44CB-4C58-9EB8-6F46B7E74E8B}.Release|Any CPU.Build.0 = Release|Any CPU
		{4B7BAABD-24EE-4CB5-B1A6-2983D2A27B0B}.Debug|Any CPU.ActiveCfg = Debug|Any CPU
		{4B7BAABD-24EE-4CB5-B1A6-2983D2A27B0B}.Debug|Any CPU.Build.0 = Debug|Any CPU
		{4B7BAABD-24EE-4CB5-B1A6-2983D2A27B0B}.Release|Any CPU.ActiveCfg = Release|Any CPU
		{4B7BAABD-24EE-4CB5-B1A6-2983D2A27B0B}.Release|Any CPU.Build.0 = Release|Any CPU
		{8DD02A95-2F56-44CD-B5AC-2967E57A510E}.Debug|Any CPU.ActiveCfg = Debug|Any CPU
		{8DD02A95-2F56-44CD-B5AC-2967E57A510E}.Debug|Any CPU.Build.0 = Debug|Any CPU
		{8DD02A95-2F56-44CD-B5AC-2967E57A510E}.Release|Any CPU.ActiveCfg = Release|Any CPU
		{8DD02A95-2F56-44CD-B5AC-2967E57A510E}.Release|Any CPU.Build.0 = Release|Any CPU
		{B4480873-B718-4AD5-8313-0DDDD026E13B}.Debug|Any CPU.ActiveCfg = Debug|Any CPU
		{B4480873-B718-4AD5-8313-0DDDD026E13B}.Debug|Any CPU.Build.0 = Debug|Any CPU
		{B4480873-B718-4AD5-8313-0DDDD026E13B}.Release|Any CPU.ActiveCfg = Release|Any CPU
		{B4480873-B718-4AD5-8313-0DDDD026E13B}.Release|Any CPU.Build.0 = Release|Any CPU
		{42C067A4-EE82-484E-BF53-AFD05A2F74FA}.Debug|Any CPU.ActiveCfg = Debug|Any CPU
		{42C067A4-EE82-484E-BF53-AFD05A2F74FA}.Debug|Any CPU.Build.0 = Debug|Any CPU
		{42C067A4-EE82-484E-BF53-AFD05A2F74FA}.Release|Any CPU.ActiveCfg = Release|Any CPU
		{42C067A4-EE82-484E-BF53-AFD05A2F74FA}.Release|Any CPU.Build.0 = Release|Any CPU
		{339745BE-C625-4EB8-A72B-3A776BEF622B}.Debug|Any CPU.ActiveCfg = Debug|Any CPU
		{339745BE-C625-4EB8-A72B-3A776BEF622B}.Debug|Any CPU.Build.0 = Debug|Any CPU
		{339745BE-C625-4EB8-A72B-3A776BEF622B}.Release|Any CPU.ActiveCfg = Release|Any CPU
		{339745BE-C625-4EB8-A72B-3A776BEF622B}.Release|Any CPU.Build.0 = Release|Any CPU
		{20CD8EB5-8DDE-4938-B0DC-C4A577CD4D25}.Debug|Any CPU.ActiveCfg = Debug|Any CPU
		{20CD8EB5-8DDE-4938-B0DC-C4A577CD4D25}.Debug|Any CPU.Build.0 = Debug|Any CPU
		{20CD8EB5-8DDE-4938-B0DC-C4A577CD4D25}.Release|Any CPU.ActiveCfg = Release|Any CPU
		{20CD8EB5-8DDE-4938-B0DC-C4A577CD4D25}.Release|Any CPU.Build.0 = Release|Any CPU
		{5CE0698C-BA70-4340-8F56-18BFEAAEB4EC}.Debug|Any CPU.ActiveCfg = Debug|Any CPU
		{5CE0698C-BA70-4340-8F56-18BFEAAEB4EC}.Debug|Any CPU.Build.0 = Debug|Any CPU
		{5CE0698C-BA70-4340-8F56-18BFEAAEB4EC}.Release|Any CPU.ActiveCfg = Release|Any CPU
		{5CE0698C-BA70-4340-8F56-18BFEAAEB4EC}.Release|Any CPU.Build.0 = Release|Any CPU
		{A9B68217-C30D-4BD6-A25C-3CCD0E97075F}.Debug|Any CPU.ActiveCfg = Debug|Any CPU
		{A9B68217-C30D-4BD6-A25C-3CCD0E97075F}.Debug|Any CPU.Build.0 = Debug|Any CPU
		{A9B68217-C30D-4BD6-A25C-3CCD0E97075F}.Release|Any CPU.ActiveCfg = Release|Any CPU
		{A9B68217-C30D-4BD6-A25C-3CCD0E97075F}.Release|Any CPU.Build.0 = Release|Any CPU
		{976E9106-D06A-4F62-9E3D-9EB6DA1D2AA5}.Debug|Any CPU.ActiveCfg = Debug|Any CPU
		{976E9106-D06A-4F62-9E3D-9EB6DA1D2AA5}.Debug|Any CPU.Build.0 = Debug|Any CPU
		{976E9106-D06A-4F62-9E3D-9EB6DA1D2AA5}.Release|Any CPU.ActiveCfg = Release|Any CPU
		{976E9106-D06A-4F62-9E3D-9EB6DA1D2AA5}.Release|Any CPU.Build.0 = Release|Any CPU
		{02056C0A-B113-40A3-8A98-21C304CDBBDF}.Debug|Any CPU.ActiveCfg = Debug|Any CPU
		{02056C0A-B113-40A3-8A98-21C304CDBBDF}.Debug|Any CPU.Build.0 = Debug|Any CPU
		{02056C0A-B113-40A3-8A98-21C304CDBBDF}.Release|Any CPU.ActiveCfg = Release|Any CPU
		{02056C0A-B113-40A3-8A98-21C304CDBBDF}.Release|Any CPU.Build.0 = Release|Any CPU
		{F82DAE17-7B77-4066-B3FF-0AC6D58DC28C}.Debug|Any CPU.ActiveCfg = Debug|Any CPU
		{F82DAE17-7B77-4066-B3FF-0AC6D58DC28C}.Debug|Any CPU.Build.0 = Debug|Any CPU
		{F82DAE17-7B77-4066-B3FF-0AC6D58DC28C}.Release|Any CPU.ActiveCfg = Release|Any CPU
		{F82DAE17-7B77-4066-B3FF-0AC6D58DC28C}.Release|Any CPU.Build.0 = Release|Any CPU
		{53175E3F-BFFE-4FDB-99E6-61CD94F8EA76}.Debug|Any CPU.ActiveCfg = Debug|Any CPU
		{53175E3F-BFFE-4FDB-99E6-61CD94F8EA76}.Debug|Any CPU.Build.0 = Debug|Any CPU
		{53175E3F-BFFE-4FDB-99E6-61CD94F8EA76}.Release|Any CPU.ActiveCfg = Release|Any CPU
		{53175E3F-BFFE-4FDB-99E6-61CD94F8EA76}.Release|Any CPU.Build.0 = Release|Any CPU
		{B562816D-1BCC-4FBB-B17F-CEACE62FC901}.Debug|Any CPU.ActiveCfg = Debug|Any CPU
		{B562816D-1BCC-4FBB-B17F-CEACE62FC901}.Debug|Any CPU.Build.0 = Debug|Any CPU
		{B562816D-1BCC-4FBB-B17F-CEACE62FC901}.Release|Any CPU.ActiveCfg = Release|Any CPU
		{B562816D-1BCC-4FBB-B17F-CEACE62FC901}.Release|Any CPU.Build.0 = Release|Any CPU
		{305337A2-8126-4652-9E7B-A1F24FBEC376}.Debug|Any CPU.ActiveCfg = Debug|Any CPU
		{305337A2-8126-4652-9E7B-A1F24FBEC376}.Debug|Any CPU.Build.0 = Debug|Any CPU
		{305337A2-8126-4652-9E7B-A1F24FBEC376}.Release|Any CPU.ActiveCfg = Release|Any CPU
		{305337A2-8126-4652-9E7B-A1F24FBEC376}.Release|Any CPU.Build.0 = Release|Any CPU
	EndGlobalSection
	GlobalSection(SolutionProperties) = preSolution
		HideSolutionNode = FALSE
	EndGlobalSection
	GlobalSection(NestedProjects) = preSolution
		{EEDC09EE-E501-4644-9BD6-4FB6927A4E38} = {095C17CE-6F36-4CBB-8036-D361C4206076}
		{05A35C0C-A5B6-4692-AFCA-B607834FEEF8} = {EEDC09EE-E501-4644-9BD6-4FB6927A4E38}
		{D1B84E38-3359-4772-86D1-174BB6F7B6A0} = {6A7680F2-87DF-473E-AB5B-FF3DD7081723}
		{6A7680F2-87DF-473E-AB5B-FF3DD7081723} = {095C17CE-6F36-4CBB-8036-D361C4206076}
		{9A6BF904-B7E5-4FFB-8E58-FE66A73681C9} = {6A7680F2-87DF-473E-AB5B-FF3DD7081723}
		{9ED231E2-1754-4488-83A8-4A4C88CAAE8D} = {6A7680F2-87DF-473E-AB5B-FF3DD7081723}
		{784A2735-07A4-4AC9-95FC-CAF998E3DA12} = {6A7680F2-87DF-473E-AB5B-FF3DD7081723}
		{15B276AB-A4C8-4FFE-B0FB-095FFC8CED92} = {6A7680F2-87DF-473E-AB5B-FF3DD7081723}
		{9541875E-66D8-4878-9FC1-A4024413DF43} = {9A6BF904-B7E5-4FFB-8E58-FE66A73681C9}
		{D8A3C2DB-44CB-4C58-9EB8-6F46B7E74E8B} = {9A6BF904-B7E5-4FFB-8E58-FE66A73681C9}
		{4B7BAABD-24EE-4CB5-B1A6-2983D2A27B0B} = {9541875E-66D8-4878-9FC1-A4024413DF43}
		{A8EE8DE1-8777-4A6D-976F-D835DBC92DA9} = {15B276AB-A4C8-4FFE-B0FB-095FFC8CED92}
		{8DD02A95-2F56-44CD-B5AC-2967E57A510E} = {15B276AB-A4C8-4FFE-B0FB-095FFC8CED92}
		{B4480873-B718-4AD5-8313-0DDDD026E13B} = {A8EE8DE1-8777-4A6D-976F-D835DBC92DA9}
		{42C067A4-EE82-484E-BF53-AFD05A2F74FA} = {9A6BF904-B7E5-4FFB-8E58-FE66A73681C9}
		{339745BE-C625-4EB8-A72B-3A776BEF622B} = {9541875E-66D8-4878-9FC1-A4024413DF43}
		{20CD8EB5-8DDE-4938-B0DC-C4A577CD4D25} = {D1B84E38-3359-4772-86D1-174BB6F7B6A0}
		{5536BAD7-59AC-4934-BCFF-C41A6F57914E} = {D1B84E38-3359-4772-86D1-174BB6F7B6A0}
		{5CE0698C-BA70-4340-8F56-18BFEAAEB4EC} = {5536BAD7-59AC-4934-BCFF-C41A6F57914E}
		{A9B68217-C30D-4BD6-A25C-3CCD0E97075F} = {15B276AB-A4C8-4FFE-B0FB-095FFC8CED92}
		{B70520C1-48AF-44B0-B8D7-9A1190B66ED3} = {095C17CE-6F36-4CBB-8036-D361C4206076}
		{976E9106-D06A-4F62-9E3D-9EB6DA1D2AA5} = {76966833-6C35-49CA-B107-896E3426BA89}
		{76966833-6C35-49CA-B107-896E3426BA89} = {095C17CE-6F36-4CBB-8036-D361C4206076}
		{02056C0A-B113-40A3-8A98-21C304CDBBDF} = {76966833-6C35-49CA-B107-896E3426BA89}
		{F82DAE17-7B77-4066-B3FF-0AC6D58DC28C} = {76966833-6C35-49CA-B107-896E3426BA89}
		{53175E3F-BFFE-4FDB-99E6-61CD94F8EA76} = {76966833-6C35-49CA-B107-896E3426BA89}
		{B562816D-1BCC-4FBB-B17F-CEACE62FC901} = {76966833-6C35-49CA-B107-896E3426BA89}
		{305337A2-8126-4652-9E7B-A1F24FBEC376} = {B70520C1-48AF-44B0-B8D7-9A1190B66ED3}
	EndGlobalSection
	GlobalSection(ExtensibilityGlobals) = postSolution
		SolutionGuid = {7D3D5A09-667D-49DA-B8AA-6194FE3C3F51}
	EndGlobalSection
EndGlobal
