
Microsoft Visual Studio Solution File, Format Version 12.00
# Visual Studio Version 16
VisualStudioVersion = 16.0.29709.97
MinimumVisualStudioVersion = 10.0.40219.1
Project("{2150E333-8FDC-42A3-9474-1A3956D46DE8}") = "2 - Services", "2 - Services", "{EEDC09EE-E501-4644-9BD6-4FB6927A4E38}"
EndProject
Project("{2150E333-8FDC-42A3-9474-1A3956D46DE8}") = "3 - Application", "3 - Application", "{C65C88E9-6496-478B-B857-8724FB5FE9AB}"
EndProject
Project("{2150E333-8FDC-42A3-9474-1A3956D46DE8}") = "4 - Domain", "4 - Domain", "{07C494C0-97E0-4BDE-88FB-7F00D95DE286}"
EndProject
Project("{2150E333-8FDC-42A3-9474-1A3956D46DE8}") = "5 - Infra", "5 - Infra", "{948344D2-341C-4A59-B286-01D9E5D40CA8}"
EndProject
Project("{2150E333-8FDC-42A3-9474-1A3956D46DE8}") = "5.1 - Data", "5.1 - Data", "{71CBFC50-2526-4FB5-BECE-67C5DF9D4135}"
EndProject
Project("{2150E333-8FDC-42A3-9474-1A3956D46DE8}") = "5.2 - CrossCutting", "5.2 - CrossCutting", "{785651AF-A579-4FD9-8C16-A46185B1C409}"
EndProject
Project("{9A19103F-16F7-4668-BE54-9A1E7A4F7556}") = "Mubbi.Marketplace.Domain", "src\Mubbi.Marketplace.Domain\Mubbi.Marketplace.Domain.csproj", "{43F0DCF1-933D-45D7-96EC-8962B144B90A}"
EndProject
Project("{9A19103F-16F7-4668-BE54-9A1E7A4F7556}") = "Mubbi.Marketplace.Infra.Data", "src\Mubbi.Marketplace.Infra.Data\Mubbi.Marketplace.Infra.Data.csproj", "{A8753116-0D9A-47E1-A27A-5A116D5349BB}"
EndProject
Project("{9A19103F-16F7-4668-BE54-9A1E7A4F7556}") = "Mubbi.Marketplace.API", "src\Mubbi.Marketplace.API\Mubbi.Marketplace.API.csproj", "{05A35C0C-A5B6-4692-AFCA-B607834FEEF8}"
EndProject
Project("{9A19103F-16F7-4668-BE54-9A1E7A4F7556}") = "Mubbi.Marketplace.Infra.CrossCutting.Security", "src\Mubbi.Marketplace.Infra.CrossCutting.Security\Mubbi.Marketplace.Infra.CrossCutting.Security.csproj", "{5741267A-5071-4DFF-B24E-8993C501C292}"
EndProject
Project("{9A19103F-16F7-4668-BE54-9A1E7A4F7556}") = "Mubbi.Marketplace.Infra.CrossCutting.Commons", "src\Mubbi.Marketplace.Infra.CrossCutting.Commons\Mubbi.Marketplace.Infra.CrossCutting.Commons.csproj", "{B5BB3094-BD0F-4735-BA23-FBF049607E75}"
EndProject
Project("{9A19103F-16F7-4668-BE54-9A1E7A4F7556}") = "Mubbi.Marketplace.Application", "src\Mubbi.Marketplace.Application\Mubbi.Marketplace.Application.csproj", "{B37AE983-02CE-4FC4-8D8E-7CBF1B0E6595}"
EndProject
Project("{2150E333-8FDC-42A3-9474-1A3956D46DE8}") = "src", "src", "{095C17CE-6F36-4CBB-8036-D361C4206076}"
EndProject
Project("{2150E333-8FDC-42A3-9474-1A3956D46DE8}") = "test", "test", "{84E88BDA-746E-4899-A8F0-EDB8619B7D0B}"
EndProject
Project("{FAE04EC0-301F-11D3-BF4B-00C04F79EFBC}") = "Mubbi.Marketplace.UnitTests", "test\Mubbi.Marketplace.UnitTests\Mubbi.Marketplace.UnitTests.csproj", "{8D8C4123-2DBB-4930-BC45-681963B67F80}"
EndProject
Project("{2150E333-8FDC-42A3-9474-1A3956D46DE8}") = "Rent", "Rent", "{D1B84E38-3359-4772-86D1-174BB6F7B6A0}"
EndProject
Project("{2150E333-8FDC-42A3-9474-1A3956D46DE8}") = "Shared", "Shared", "{22A5ADEE-A593-4847-A794-C3058F5384E5}"
EndProject
Project("{2150E333-8FDC-42A3-9474-1A3956D46DE8}") = "Services", "Services", "{6A7680F2-87DF-473E-AB5B-FF3DD7081723}"
EndProject
Project("{2150E333-8FDC-42A3-9474-1A3956D46DE8}") = "Catalog", "Catalog", "{9A6BF904-B7E5-4FFB-8E58-FE66A73681C9}"
EndProject
Project("{2150E333-8FDC-42A3-9474-1A3956D46DE8}") = "Payment", "Payment", "{9ED231E2-1754-4488-83A8-4A4C88CAAE8D}"
EndProject
Project("{2150E333-8FDC-42A3-9474-1A3956D46DE8}") = "Invoice", "Invoice", "{784A2735-07A4-4AC9-95FC-CAF998E3DA12}"
EndProject
Project("{2150E333-8FDC-42A3-9474-1A3956D46DE8}") = "Register", "Register", "{15B276AB-A4C8-4FFE-B0FB-095FFC8CED92}"
EndProject
Project("{2150E333-8FDC-42A3-9474-1A3956D46DE8}") = "Tests", "Tests", "{9541875E-66D8-4878-9FC1-A4024413DF43}"
EndProject
Project("{FAE04EC0-301F-11D3-BF4B-00C04F79EFBC}") = "Mubbi.Marketplace.Catalog.Domain", "src\Mubbi.Marketplace.Catalog.Domain\Mubbi.Marketplace.Catalog.Domain.csproj", "{D8A3C2DB-44CB-4C58-9EB8-6F46B7E74E8B}"
EndProject
Project("{FAE04EC0-301F-11D3-BF4B-00C04F79EFBC}") = "Mubbi.Marketplace.Shared", "src\Mubbi.Marketplace.Shared\Mubbi.Marketplace.Shared.csproj", "{7EB03B50-C1BB-473F-BE62-F7A2F6602228}"
EndProject
Project("{FAE04EC0-301F-11D3-BF4B-00C04F79EFBC}") = "Mubbi.Marketplace.Catalog.Domain.Tests", "tests\Mubbi.Marketplace.Catalog.Domain.Tests\Mubbi.Marketplace.Catalog.Domain.Tests.csproj", "{4B7BAABD-24EE-4CB5-B1A6-2983D2A27B0B}"
EndProject
Global
	GlobalSection(SolutionConfigurationPlatforms) = preSolution
		Debug|Any CPU = Debug|Any CPU
		Release|Any CPU = Release|Any CPU
	EndGlobalSection
	GlobalSection(ProjectConfigurationPlatforms) = postSolution
		{43F0DCF1-933D-45D7-96EC-8962B144B90A}.Debug|Any CPU.ActiveCfg = Debug|Any CPU
		{43F0DCF1-933D-45D7-96EC-8962B144B90A}.Debug|Any CPU.Build.0 = Debug|Any CPU
		{43F0DCF1-933D-45D7-96EC-8962B144B90A}.Release|Any CPU.ActiveCfg = Release|Any CPU
		{43F0DCF1-933D-45D7-96EC-8962B144B90A}.Release|Any CPU.Build.0 = Release|Any CPU
		{A8753116-0D9A-47E1-A27A-5A116D5349BB}.Debug|Any CPU.ActiveCfg = Debug|Any CPU
		{A8753116-0D9A-47E1-A27A-5A116D5349BB}.Debug|Any CPU.Build.0 = Debug|Any CPU
		{A8753116-0D9A-47E1-A27A-5A116D5349BB}.Release|Any CPU.ActiveCfg = Release|Any CPU
		{A8753116-0D9A-47E1-A27A-5A116D5349BB}.Release|Any CPU.Build.0 = Release|Any CPU
		{05A35C0C-A5B6-4692-AFCA-B607834FEEF8}.Debug|Any CPU.ActiveCfg = Debug|Any CPU
		{05A35C0C-A5B6-4692-AFCA-B607834FEEF8}.Debug|Any CPU.Build.0 = Debug|Any CPU
		{05A35C0C-A5B6-4692-AFCA-B607834FEEF8}.Release|Any CPU.ActiveCfg = Release|Any CPU
		{05A35C0C-A5B6-4692-AFCA-B607834FEEF8}.Release|Any CPU.Build.0 = Release|Any CPU
		{5741267A-5071-4DFF-B24E-8993C501C292}.Debug|Any CPU.ActiveCfg = Debug|Any CPU
		{5741267A-5071-4DFF-B24E-8993C501C292}.Debug|Any CPU.Build.0 = Debug|Any CPU
		{5741267A-5071-4DFF-B24E-8993C501C292}.Release|Any CPU.ActiveCfg = Release|Any CPU
		{5741267A-5071-4DFF-B24E-8993C501C292}.Release|Any CPU.Build.0 = Release|Any CPU
		{B5BB3094-BD0F-4735-BA23-FBF049607E75}.Debug|Any CPU.ActiveCfg = Debug|Any CPU
		{B5BB3094-BD0F-4735-BA23-FBF049607E75}.Debug|Any CPU.Build.0 = Debug|Any CPU
		{B5BB3094-BD0F-4735-BA23-FBF049607E75}.Release|Any CPU.ActiveCfg = Release|Any CPU
		{B5BB3094-BD0F-4735-BA23-FBF049607E75}.Release|Any CPU.Build.0 = Release|Any CPU
		{B37AE983-02CE-4FC4-8D8E-7CBF1B0E6595}.Debug|Any CPU.ActiveCfg = Debug|Any CPU
		{B37AE983-02CE-4FC4-8D8E-7CBF1B0E6595}.Debug|Any CPU.Build.0 = Debug|Any CPU
		{B37AE983-02CE-4FC4-8D8E-7CBF1B0E6595}.Release|Any CPU.ActiveCfg = Release|Any CPU
		{B37AE983-02CE-4FC4-8D8E-7CBF1B0E6595}.Release|Any CPU.Build.0 = Release|Any CPU
		{8D8C4123-2DBB-4930-BC45-681963B67F80}.Debug|Any CPU.ActiveCfg = Debug|Any CPU
		{8D8C4123-2DBB-4930-BC45-681963B67F80}.Debug|Any CPU.Build.0 = Debug|Any CPU
		{8D8C4123-2DBB-4930-BC45-681963B67F80}.Release|Any CPU.ActiveCfg = Release|Any CPU
		{8D8C4123-2DBB-4930-BC45-681963B67F80}.Release|Any CPU.Build.0 = Release|Any CPU
		{D8A3C2DB-44CB-4C58-9EB8-6F46B7E74E8B}.Debug|Any CPU.ActiveCfg = Debug|Any CPU
		{D8A3C2DB-44CB-4C58-9EB8-6F46B7E74E8B}.Debug|Any CPU.Build.0 = Debug|Any CPU
		{D8A3C2DB-44CB-4C58-9EB8-6F46B7E74E8B}.Release|Any CPU.ActiveCfg = Release|Any CPU
		{D8A3C2DB-44CB-4C58-9EB8-6F46B7E74E8B}.Release|Any CPU.Build.0 = Release|Any CPU
		{7EB03B50-C1BB-473F-BE62-F7A2F6602228}.Debug|Any CPU.ActiveCfg = Debug|Any CPU
		{7EB03B50-C1BB-473F-BE62-F7A2F6602228}.Debug|Any CPU.Build.0 = Debug|Any CPU
		{7EB03B50-C1BB-473F-BE62-F7A2F6602228}.Release|Any CPU.ActiveCfg = Release|Any CPU
		{7EB03B50-C1BB-473F-BE62-F7A2F6602228}.Release|Any CPU.Build.0 = Release|Any CPU
		{4B7BAABD-24EE-4CB5-B1A6-2983D2A27B0B}.Debug|Any CPU.ActiveCfg = Debug|Any CPU
		{4B7BAABD-24EE-4CB5-B1A6-2983D2A27B0B}.Debug|Any CPU.Build.0 = Debug|Any CPU
		{4B7BAABD-24EE-4CB5-B1A6-2983D2A27B0B}.Release|Any CPU.ActiveCfg = Release|Any CPU
		{4B7BAABD-24EE-4CB5-B1A6-2983D2A27B0B}.Release|Any CPU.Build.0 = Release|Any CPU
	EndGlobalSection
	GlobalSection(SolutionProperties) = preSolution
		HideSolutionNode = FALSE
	EndGlobalSection
	GlobalSection(NestedProjects) = preSolution
		{EEDC09EE-E501-4644-9BD6-4FB6927A4E38} = {095C17CE-6F36-4CBB-8036-D361C4206076}
		{C65C88E9-6496-478B-B857-8724FB5FE9AB} = {095C17CE-6F36-4CBB-8036-D361C4206076}
		{07C494C0-97E0-4BDE-88FB-7F00D95DE286} = {095C17CE-6F36-4CBB-8036-D361C4206076}
		{948344D2-341C-4A59-B286-01D9E5D40CA8} = {095C17CE-6F36-4CBB-8036-D361C4206076}
		{71CBFC50-2526-4FB5-BECE-67C5DF9D4135} = {948344D2-341C-4A59-B286-01D9E5D40CA8}
		{785651AF-A579-4FD9-8C16-A46185B1C409} = {948344D2-341C-4A59-B286-01D9E5D40CA8}
		{43F0DCF1-933D-45D7-96EC-8962B144B90A} = {07C494C0-97E0-4BDE-88FB-7F00D95DE286}
		{A8753116-0D9A-47E1-A27A-5A116D5349BB} = {71CBFC50-2526-4FB5-BECE-67C5DF9D4135}
		{05A35C0C-A5B6-4692-AFCA-B607834FEEF8} = {EEDC09EE-E501-4644-9BD6-4FB6927A4E38}
		{5741267A-5071-4DFF-B24E-8993C501C292} = {785651AF-A579-4FD9-8C16-A46185B1C409}
		{B5BB3094-BD0F-4735-BA23-FBF049607E75} = {785651AF-A579-4FD9-8C16-A46185B1C409}
		{B37AE983-02CE-4FC4-8D8E-7CBF1B0E6595} = {C65C88E9-6496-478B-B857-8724FB5FE9AB}
		{8D8C4123-2DBB-4930-BC45-681963B67F80} = {84E88BDA-746E-4899-A8F0-EDB8619B7D0B}
		{D1B84E38-3359-4772-86D1-174BB6F7B6A0} = {6A7680F2-87DF-473E-AB5B-FF3DD7081723}
		{22A5ADEE-A593-4847-A794-C3058F5384E5} = {095C17CE-6F36-4CBB-8036-D361C4206076}
		{6A7680F2-87DF-473E-AB5B-FF3DD7081723} = {095C17CE-6F36-4CBB-8036-D361C4206076}
		{9A6BF904-B7E5-4FFB-8E58-FE66A73681C9} = {6A7680F2-87DF-473E-AB5B-FF3DD7081723}
		{9ED231E2-1754-4488-83A8-4A4C88CAAE8D} = {6A7680F2-87DF-473E-AB5B-FF3DD7081723}
		{784A2735-07A4-4AC9-95FC-CAF998E3DA12} = {6A7680F2-87DF-473E-AB5B-FF3DD7081723}
		{15B276AB-A4C8-4FFE-B0FB-095FFC8CED92} = {6A7680F2-87DF-473E-AB5B-FF3DD7081723}
		{9541875E-66D8-4878-9FC1-A4024413DF43} = {9A6BF904-B7E5-4FFB-8E58-FE66A73681C9}
		{D8A3C2DB-44CB-4C58-9EB8-6F46B7E74E8B} = {9A6BF904-B7E5-4FFB-8E58-FE66A73681C9}
		{7EB03B50-C1BB-473F-BE62-F7A2F6602228} = {22A5ADEE-A593-4847-A794-C3058F5384E5}
		{4B7BAABD-24EE-4CB5-B1A6-2983D2A27B0B} = {9541875E-66D8-4878-9FC1-A4024413DF43}
	EndGlobalSection
	GlobalSection(ExtensibilityGlobals) = postSolution
		SolutionGuid = {7D3D5A09-667D-49DA-B8AA-6194FE3C3F51}
	EndGlobalSection
EndGlobal
